
Microsoft Visual Studio Solution File, Format Version 12.00
# Visual Studio Version 16
VisualStudioVersion = 16.0.31129.286
MinimumVisualStudioVersion = 10.0.40219.1
Project("{FAE04EC0-301F-11D3-BF4B-00C04F79EFBC}") = "NUnitMoqHandson1", "NUnitMoqHandson1\NUnitMoqHandson1.csproj", "{1514F25E-DBEE-4C4E-A576-A9D274775479}"
EndProject
Project("{FAE04EC0-301F-11D3-BF4B-00C04F79EFBC}") = "CalculatorLib", "CalculatorLib\CalculatorLib.csproj", "{1F7FF7C3-E779-4250-A331-C888071964FD}"
EndProject
Global
	GlobalSection(SolutionConfigurationPlatforms) = preSolution
		Debug|Any CPU = Debug|Any CPU
		Release|Any CPU = Release|Any CPU
	EndGlobalSection
	GlobalSection(ProjectConfigurationPlatforms) = postSolution
		{1514F25E-DBEE-4C4E-A576-A9D274775479}.Debug|Any CPU.ActiveCfg = Debug|Any CPU
		{1514F25E-DBEE-4C4E-A576-A9D274775479}.Debug|Any CPU.Build.0 = Debug|Any CPU
		{1514F25E-DBEE-4C4E-A576-A9D274775479}.Release|Any CPU.ActiveCfg = Release|Any CPU
		{1514F25E-DBEE-4C4E-A576-A9D274775479}.Release|Any CPU.Build.0 = Release|Any CPU
		{1F7FF7C3-E779-4250-A331-C888071964FD}.Debug|Any CPU.ActiveCfg = Debug|Any CPU
		{1F7FF7C3-E779-4250-A331-C888071964FD}.Debug|Any CPU.Build.0 = Debug|Any CPU
		{1F7FF7C3-E779-4250-A331-C888071964FD}.Release|Any CPU.ActiveCfg = Release|Any CPU
		{1F7FF7C3-E779-4250-A331-C888071964FD}.Release|Any CPU.Build.0 = Release|Any CPU
	EndGlobalSection
	GlobalSection(SolutionProperties) = preSolution
		HideSolutionNode = FALSE
	EndGlobalSection
	GlobalSection(ExtensibilityGlobals) = postSolution
		SolutionGuid = {43282E58-7CD3-4E94-9F51-8A7F4BEAC2D1}
	EndGlobalSection
EndGlobal
